
Microsoft Visual Studio Solution File, Format Version 12.00
# Visual Studio Version 16
VisualStudioVersion = 16.0.809.10
MinimumVisualStudioVersion = 10.0.40219.1
Project("{FAE04EC0-301F-11D3-BF4B-00C04F79EFBC}") = "WC1308-EAL_C_Compiler", "WC1308-EAL_C_Compiler\WC1308-EAL_C_Compiler.csproj", "{4625ABA7-4404-43CD-8796-E31D71AC2456}"
EndProject
Global
	GlobalSection(SolutionConfigurationPlatforms) = preSolution
		Debug|anycpu = Debug|anycpu
		Release|anycpu = Release|anycpu
	EndGlobalSection
	GlobalSection(ProjectConfigurationPlatforms) = postSolution
		{4625ABA7-4404-43CD-8796-E31D71AC2456}.Debug|anycpu.ActiveCfg = Debug|anycpu
		{4625ABA7-4404-43CD-8796-E31D71AC2456}.Debug|anycpu.Build.0 = Debug|anycpu
		{4625ABA7-4404-43CD-8796-E31D71AC2456}.Release|anycpu.ActiveCfg = Release|anycpu
		{4625ABA7-4404-43CD-8796-E31D71AC2456}.Release|anycpu.Build.0 = Release|anycpu
	EndGlobalSection
	GlobalSection(SolutionProperties) = preSolution
		HideSolutionNode = FALSE
	EndGlobalSection
	GlobalSection(ExtensibilityGlobals) = postSolution
		SolutionGuid = {11062529-EEEC-4326-A253-888B2C08C08B}
	EndGlobalSection
EndGlobal
