
Microsoft Visual Studio Solution File, Format Version 12.00
# Visual Studio Version 16
VisualStudioVersion = 16.0.809.6
MinimumVisualStudioVersion = 10.0.40219.1
Project("{FAE04EC0-301F-11D3-BF4B-00C04F79EFBC}") = "WC1308-EAL assembler", "WC1308-EAL assembler.csproj", "{AE3CC02F-7555-4D08-8440-4E0371F0F0A3}"
EndProject
Global
	GlobalSection(SolutionConfigurationPlatforms) = preSolution
		Debug|Any CPU = Debug|Any CPU
		Release|Any CPU = Release|Any CPU
	EndGlobalSection
	GlobalSection(ProjectConfigurationPlatforms) = postSolution
		{AE3CC02F-7555-4D08-8440-4E0371F0F0A3}.Debug|Any CPU.ActiveCfg = Debug|Any CPU
		{AE3CC02F-7555-4D08-8440-4E0371F0F0A3}.Debug|Any CPU.Build.0 = Debug|Any CPU
		{AE3CC02F-7555-4D08-8440-4E0371F0F0A3}.Release|Any CPU.ActiveCfg = Release|Any CPU
		{AE3CC02F-7555-4D08-8440-4E0371F0F0A3}.Release|Any CPU.Build.0 = Release|Any CPU
	EndGlobalSection
	GlobalSection(SolutionProperties) = preSolution
		HideSolutionNode = FALSE
	EndGlobalSection
	GlobalSection(ExtensibilityGlobals) = postSolution
		SolutionGuid = {4ECCF427-EC91-4DB6-AB9A-E45B04CB0B39}
	EndGlobalSection
EndGlobal
